
Microsoft Visual Studio Solution File, Format Version 12.00
# Visual Studio 15
VisualStudioVersion = 15.0.26730.8
MinimumVisualStudioVersion = 10.0.40219.1
Project("{FAE04EC0-301F-11D3-BF4B-00C04F79EFBC}") = "Eventy_test001", "Eventy_test001\Eventy_test001.csproj", "{F3606AD3-A0D7-4D6E-A1EF-C91DE9C974BB}"
EndProject
Global
	GlobalSection(SolutionConfigurationPlatforms) = preSolution
		Debug|Any CPU = Debug|Any CPU
		Release|Any CPU = Release|Any CPU
	EndGlobalSection
	GlobalSection(ProjectConfigurationPlatforms) = postSolution
		{F3606AD3-A0D7-4D6E-A1EF-C91DE9C974BB}.Debug|Any CPU.ActiveCfg = Debug|Any CPU
		{F3606AD3-A0D7-4D6E-A1EF-C91DE9C974BB}.Debug|Any CPU.Build.0 = Debug|Any CPU
		{F3606AD3-A0D7-4D6E-A1EF-C91DE9C974BB}.Release|Any CPU.ActiveCfg = Release|Any CPU
		{F3606AD3-A0D7-4D6E-A1EF-C91DE9C974BB}.Release|Any CPU.Build.0 = Release|Any CPU
	EndGlobalSection
	GlobalSection(SolutionProperties) = preSolution
		HideSolutionNode = FALSE
	EndGlobalSection
	GlobalSection(ExtensibilityGlobals) = postSolution
		SolutionGuid = {5D6C0AB9-B013-4F3F-90F8-B7E67E626AF0}
	EndGlobalSection
EndGlobal
