
Microsoft Visual Studio Solution File, Format Version 12.00
# Visual Studio 15
VisualStudioVersion = 15.0.26730.8
MinimumVisualStudioVersion = 10.0.40219.1
Project("{FAE04EC0-301F-11D3-BF4B-00C04F79EFBC}") = "Refleksja_test001", "Refleksja_test001\Refleksja_test001.csproj", "{97AD0B67-15FD-4B76-91F7-D88C3F33D067}"
EndProject
Global
	GlobalSection(SolutionConfigurationPlatforms) = preSolution
		Debug|Any CPU = Debug|Any CPU
		Release|Any CPU = Release|Any CPU
	EndGlobalSection
	GlobalSection(ProjectConfigurationPlatforms) = postSolution
		{97AD0B67-15FD-4B76-91F7-D88C3F33D067}.Debug|Any CPU.ActiveCfg = Debug|Any CPU
		{97AD0B67-15FD-4B76-91F7-D88C3F33D067}.Debug|Any CPU.Build.0 = Debug|Any CPU
		{97AD0B67-15FD-4B76-91F7-D88C3F33D067}.Release|Any CPU.ActiveCfg = Release|Any CPU
		{97AD0B67-15FD-4B76-91F7-D88C3F33D067}.Release|Any CPU.Build.0 = Release|Any CPU
	EndGlobalSection
	GlobalSection(SolutionProperties) = preSolution
		HideSolutionNode = FALSE
	EndGlobalSection
	GlobalSection(ExtensibilityGlobals) = postSolution
		SolutionGuid = {549A076F-0424-4936-9D20-D5EE9F582A2C}
	EndGlobalSection
EndGlobal
